// !$*UTF8*$!
{
	archiveVersion = 1;
	classes = {
	};
	objectVersion = 46;
	objects = {

/* Begin PBXBuildFile section */
		32ABC81D191B221E00F80879 /* flower.gif in Resources */ = {isa = PBXBuildFile; fileRef = 32ABC81C191B221E00F80879 /* flower.gif */; };
		32ABC81F191B2D2500F80879 /* Main.storyboard in Resources */ = {isa = PBXBuildFile; fileRef = 32ABC81E191B2D2500F80879 /* Main.storyboard */; };
		32BA8D221915DDD3007881E0 /* MOVview.m in Sources */ = {isa = PBXBuildFile; fileRef = 32BA8D211915DDD3007881E0 /* MOVview.m */; };
		32BA8D271915E76F007881E0 /* MediaPlayer.framework in Frameworks */ = {isa = PBXBuildFile; fileRef = 32BA8D261915E76F007881E0 /* MediaPlayer.framework */; };
		32BA8D291916348D007881E0 /* Star.mov in Resources */ = {isa = PBXBuildFile; fileRef = 32BA8D281916348D007881E0 /* Star.mov */; };
		32D3848119209307003F0272 /* AnimatedGif.m in Sources */ = {isa = PBXBuildFile; fileRef = 32D3848019209307003F0272 /* AnimatedGif.m */; };
		65096100188A184C0076EB83 /* Foundation.framework in Frameworks */ = {isa = PBXBuildFile; fileRef = 650960FF188A184C0076EB83 /* Foundation.framework */; };
		65096102188A184C0076EB83 /* CoreGraphics.framework in Frameworks */ = {isa = PBXBuildFile; fileRef = 65096101188A184C0076EB83 /* CoreGraphics.framework */; };
		65096104188A184C0076EB83 /* UIKit.framework in Frameworks */ = {isa = PBXBuildFile; fileRef = 65096103188A184C0076EB83 /* UIKit.framework */; };
		6509610A188A184C0076EB83 /* InfoPlist.strings in Resources */ = {isa = PBXBuildFile; fileRef = 65096108188A184C0076EB83 /* InfoPlist.strings */; };
		6509610C188A184C0076EB83 /* main.m in Sources */ = {isa = PBXBuildFile; fileRef = 6509610B188A184C0076EB83 /* main.m */; };
		65096110188A184C0076EB83 /* TJAppDelegate.m in Sources */ = {isa = PBXBuildFile; fileRef = 6509610F188A184C0076EB83 /* TJAppDelegate.m */; };
		65096118188A184C0076EB83 /* Images.xcassets in Resources */ = {isa = PBXBuildFile; fileRef = 65096117188A184C0076EB83 /* Images.xcassets */; };
		6509611F188A184C0076EB83 /* XCTest.framework in Frameworks */ = {isa = PBXBuildFile; fileRef = 6509611E188A184C0076EB83 /* XCTest.framework */; };
		65096120188A184C0076EB83 /* Foundation.framework in Frameworks */ = {isa = PBXBuildFile; fileRef = 650960FF188A184C0076EB83 /* Foundation.framework */; };
		65096121188A184C0076EB83 /* UIKit.framework in Frameworks */ = {isa = PBXBuildFile; fileRef = 65096103188A184C0076EB83 /* UIKit.framework */; };
		65096129188A184C0076EB83 /* InfoPlist.strings in Resources */ = {isa = PBXBuildFile; fileRef = 65096127188A184C0076EB83 /* InfoPlist.strings */; };
		6509612B188A184C0076EB83 /* ZKYTests.m in Sources */ = {isa = PBXBuildFile; fileRef = 6509612A188A184C0076EB83 /* ZKYTests.m */; };
		65096138188A1F780076EB83 /* CoreBluetooth.framework in Frameworks */ = {isa = PBXBuildFile; fileRef = 65096137188A1F780076EB83 /* CoreBluetooth.framework */; };
		6509613A188A1F870076EB83 /* AVFoundation.framework in Frameworks */ = {isa = PBXBuildFile; fileRef = 65096139188A1F870076EB83 /* AVFoundation.framework */; };
		6509613C188A1F8F0076EB83 /* CoreLocation.framework in Frameworks */ = {isa = PBXBuildFile; fileRef = 6509613B188A1F8F0076EB83 /* CoreLocation.framework */; };
		6509613E188A1F9B0076EB83 /* CoreMotion.framework in Frameworks */ = {isa = PBXBuildFile; fileRef = 6509613D188A1F9B0076EB83 /* CoreMotion.framework */; };
		6509614D188A289F0076EB83 /* coordinates.plist in Resources */ = {isa = PBXBuildFile; fileRef = 6509614C188A289F0076EB83 /* coordinates.plist */; };
		65096153188A2D920076EB83 /* ARViewController.m in Sources */ = {isa = PBXBuildFile; fileRef = 65096152188A2D920076EB83 /* ARViewController.m */; };
		65096156188A2E890076EB83 /* ARView.m in Sources */ = {isa = PBXBuildFile; fileRef = 65096155188A2E890076EB83 /* ARView.m */; };
		6509616A188A4B0F0076EB83 /* POI.m in Sources */ = {isa = PBXBuildFile; fileRef = 65096169188A4B0F0076EB83 /* POI.m */; };
		65096186188E21290076EB83 /* POIview.m in Sources */ = {isa = PBXBuildFile; fileRef = 65096185188E21290076EB83 /* POIview.m */; };
		65096188188E53010076EB83 /* POI.plist in Resources */ = {isa = PBXBuildFile; fileRef = 65096187188E53010076EB83 /* POI.plist */; };
		650EEDC318A9C5E000A668C8 /* MapView.m in Sources */ = {isa = PBXBuildFile; fileRef = 650EEDC218A9C5E000A668C8 /* MapView.m */; };
		650EEDC818B1AAE100A668C8 /* GIFview.m in Sources */ = {isa = PBXBuildFile; fileRef = 650EEDC718B1AAE100A668C8 /* GIFview.m */; };
		6529456F18C98BA700B8BB35 /* ar@2x.png in Resources */ = {isa = PBXBuildFile; fileRef = 6529456E18C98BA700B8BB35 /* ar@2x.png */; };
		6529457618C9B5B700B8BB35 /* about.html in Resources */ = {isa = PBXBuildFile; fileRef = 6529457518C9B5B700B8BB35 /* about.html */; };
		6530976718C4191E0080090D /* map.jpg in Resources */ = {isa = PBXBuildFile; fileRef = 6530976618C4191E0080090D /* map.jpg */; };
		6530976A18C41A290080090D /* AboutViewController.m in Sources */ = {isa = PBXBuildFile; fileRef = 6530976918C41A290080090D /* AboutViewController.m */; };
		6530976C18C425410080090D /* position.png in Resources */ = {isa = PBXBuildFile; fileRef = 6530976B18C425410080090D /* position.png */; };
		65846A3718CE9789008EB39A /* InfoView.m in Sources */ = {isa = PBXBuildFile; fileRef = 65846A3618CE9789008EB39A /* InfoView.m */; };
		65FC7A64189340E9003B718C /* location@2x.png in Resources */ = {isa = PBXBuildFile; fileRef = 65FC7A63189340E9003B718C /* location@2x.png */; };
		65FC7A661893411A003B718C /* manage@2x.png in Resources */ = {isa = PBXBuildFile; fileRef = 65FC7A651893411A003B718C /* manage@2x.png */; };
		65FC7A6A18934135003B718C /* find.png in Resources */ = {isa = PBXBuildFile; fileRef = 65FC7A6918934135003B718C /* find.png */; };
		65FC7A6C18934162003B718C /* lift.png in Resources */ = {isa = PBXBuildFile; fileRef = 65FC7A6B18934162003B718C /* lift.png */; };
		65FC7A6E18934167003B718C /* meeting.png in Resources */ = {isa = PBXBuildFile; fileRef = 65FC7A6D18934167003B718C /* meeting.png */; };
		65FC7A701893416A003B718C /* office.png in Resources */ = {isa = PBXBuildFile; fileRef = 65FC7A6F1893416A003B718C /* office.png */; };
		65FC7A721893416E003B718C /* toilet.png in Resources */ = {isa = PBXBuildFile; fileRef = 65FC7A711893416E003B718C /* toilet.png */; };
		65FC7A7418934172003B718C /* rest.png in Resources */ = {isa = PBXBuildFile; fileRef = 65FC7A7318934172003B718C /* rest.png */; };
		65FC7A7618934177003B718C /* exit.png in Resources */ = {isa = PBXBuildFile; fileRef = 65FC7A7518934177003B718C /* exit.png */; };
/* End PBXBuildFile section */

/* Begin PBXContainerItemProxy section */
		65096122188A184C0076EB83 /* PBXContainerItemProxy */ = {
			isa = PBXContainerItemProxy;
			containerPortal = 650960F4188A184C0076EB83 /* Project object */;
			proxyType = 1;
			remoteGlobalIDString = 650960FB188A184C0076EB83;
			remoteInfo = ZKY;
		};
/* End PBXContainerItemProxy section */

/* Begin PBXFileReference section */
		32ABC81C191B221E00F80879 /* flower.gif */ = {isa = PBXFileReference; lastKnownFileType = image.gif; path = flower.gif; sourceTree = "<group>"; };
		32ABC81E191B2D2500F80879 /* Main.storyboard */ = {isa = PBXFileReference; fileEncoding = 4; lastKnownFileType = file.storyboard; path = Main.storyboard; sourceTree = "<group>"; };
		32BA8D201915DDD3007881E0 /* MOVview.h */ = {isa = PBXFileReference; fileEncoding = 4; lastKnownFileType = sourcecode.c.h; path = MOVview.h; sourceTree = "<group>"; };
		32BA8D211915DDD3007881E0 /* MOVview.m */ = {isa = PBXFileReference; fileEncoding = 4; lastKnownFileType = sourcecode.c.objc; path = MOVview.m; sourceTree = "<group>"; };
		32BA8D261915E76F007881E0 /* MediaPlayer.framework */ = {isa = PBXFileReference; lastKnownFileType = wrapper.framework; name = MediaPlayer.framework; path = System/Library/Frameworks/MediaPlayer.framework; sourceTree = SDKROOT; };
		32BA8D281916348D007881E0 /* Star.mov */ = {isa = PBXFileReference; lastKnownFileType = video.quicktime; path = Star.mov; sourceTree = "<group>"; };
		32D3847F19209307003F0272 /* AnimatedGif.h */ = {isa = PBXFileReference; fileEncoding = 4; lastKnownFileType = sourcecode.c.h; path = AnimatedGif.h; sourceTree = "<group>"; };
		32D3848019209307003F0272 /* AnimatedGif.m */ = {isa = PBXFileReference; fileEncoding = 4; lastKnownFileType = sourcecode.c.objc; path = AnimatedGif.m; sourceTree = "<group>"; };
		650960FC188A184C0076EB83 /* 中芬中心.app */ = {isa = PBXFileReference; explicitFileType = wrapper.application; includeInIndex = 0; path = "中芬中心.app"; sourceTree = BUILT_PRODUCTS_DIR; };
		650960FF188A184C0076EB83 /* Foundation.framework */ = {isa = PBXFileReference; lastKnownFileType = wrapper.framework; name = Foundation.framework; path = System/Library/Frameworks/Foundation.framework; sourceTree = SDKROOT; };
		65096101188A184C0076EB83 /* CoreGraphics.framework */ = {isa = PBXFileReference; lastKnownFileType = wrapper.framework; name = CoreGraphics.framework; path = System/Library/Frameworks/CoreGraphics.framework; sourceTree = SDKROOT; };
		65096103188A184C0076EB83 /* UIKit.framework */ = {isa = PBXFileReference; lastKnownFileType = wrapper.framework; name = UIKit.framework; path = System/Library/Frameworks/UIKit.framework; sourceTree = SDKROOT; };
		65096107188A184C0076EB83 /* ZKY-Info.plist */ = {isa = PBXFileReference; lastKnownFileType = text.plist.xml; path = "ZKY-Info.plist"; sourceTree = "<group>"; };
		65096109188A184C0076EB83 /* en */ = {isa = PBXFileReference; lastKnownFileType = text.plist.strings; name = en; path = en.lproj/InfoPlist.strings; sourceTree = "<group>"; };
		6509610B188A184C0076EB83 /* main.m */ = {isa = PBXFileReference; lastKnownFileType = sourcecode.c.objc; path = main.m; sourceTree = "<group>"; };
		6509610D188A184C0076EB83 /* ZKY-Prefix.pch */ = {isa = PBXFileReference; lastKnownFileType = sourcecode.c.h; path = "ZKY-Prefix.pch"; sourceTree = "<group>"; };
		6509610E188A184C0076EB83 /* TJAppDelegate.h */ = {isa = PBXFileReference; lastKnownFileType = sourcecode.c.h; path = TJAppDelegate.h; sourceTree = "<group>"; };
		6509610F188A184C0076EB83 /* TJAppDelegate.m */ = {isa = PBXFileReference; lastKnownFileType = sourcecode.c.objc; path = TJAppDelegate.m; sourceTree = "<group>"; };
		65096117188A184C0076EB83 /* Images.xcassets */ = {isa = PBXFileReference; lastKnownFileType = folder.assetcatalog; path = Images.xcassets; sourceTree = "<group>"; };
		6509611D188A184C0076EB83 /* ZKYTests.xctest */ = {isa = PBXFileReference; explicitFileType = wrapper.cfbundle; includeInIndex = 0; path = ZKYTests.xctest; sourceTree = BUILT_PRODUCTS_DIR; };
		6509611E188A184C0076EB83 /* XCTest.framework */ = {isa = PBXFileReference; lastKnownFileType = wrapper.framework; name = XCTest.framework; path = Library/Frameworks/XCTest.framework; sourceTree = DEVELOPER_DIR; };
		65096126188A184C0076EB83 /* ZKYTests-Info.plist */ = {isa = PBXFileReference; lastKnownFileType = text.plist.xml; path = "ZKYTests-Info.plist"; sourceTree = "<group>"; };
		65096128188A184C0076EB83 /* en */ = {isa = PBXFileReference; lastKnownFileType = text.plist.strings; name = en; path = en.lproj/InfoPlist.strings; sourceTree = "<group>"; };
		6509612A188A184C0076EB83 /* ZKYTests.m */ = {isa = PBXFileReference; lastKnownFileType = sourcecode.c.objc; path = ZKYTests.m; sourceTree = "<group>"; };
		65096137188A1F780076EB83 /* CoreBluetooth.framework */ = {isa = PBXFileReference; lastKnownFileType = wrapper.framework; name = CoreBluetooth.framework; path = System/Library/Frameworks/CoreBluetooth.framework; sourceTree = SDKROOT; };
		65096139188A1F870076EB83 /* AVFoundation.framework */ = {isa = PBXFileReference; lastKnownFileType = wrapper.framework; name = AVFoundation.framework; path = System/Library/Frameworks/AVFoundation.framework; sourceTree = SDKROOT; };
		6509613B188A1F8F0076EB83 /* CoreLocation.framework */ = {isa = PBXFileReference; lastKnownFileType = wrapper.framework; name = CoreLocation.framework; path = System/Library/Frameworks/CoreLocation.framework; sourceTree = SDKROOT; };
		6509613D188A1F9B0076EB83 /* CoreMotion.framework */ = {isa = PBXFileReference; lastKnownFileType = wrapper.framework; name = CoreMotion.framework; path = System/Library/Frameworks/CoreMotion.framework; sourceTree = SDKROOT; };
		6509614C188A289F0076EB83 /* coordinates.plist */ = {isa = PBXFileReference; fileEncoding = 4; lastKnownFileType = text.plist.xml; path = coordinates.plist; sourceTree = "<group>"; };
		65096151188A2D920076EB83 /* ARViewController.h */ = {isa = PBXFileReference; fileEncoding = 4; lastKnownFileType = sourcecode.c.h; path = ARViewController.h; sourceTree = "<group>"; };
		65096152188A2D920076EB83 /* ARViewController.m */ = {isa = PBXFileReference; fileEncoding = 4; lastKnownFileType = sourcecode.c.objc; path = ARViewController.m; sourceTree = "<group>"; };
		65096154188A2E890076EB83 /* ARView.h */ = {isa = PBXFileReference; fileEncoding = 4; lastKnownFileType = sourcecode.c.h; path = ARView.h; sourceTree = "<group>"; };
		65096155188A2E890076EB83 /* ARView.m */ = {isa = PBXFileReference; fileEncoding = 4; lastKnownFileType = sourcecode.c.objc; path = ARView.m; sourceTree = "<group>"; };
		65096168188A4B0F0076EB83 /* POI.h */ = {isa = PBXFileReference; fileEncoding = 4; lastKnownFileType = sourcecode.c.h; path = POI.h; sourceTree = "<group>"; };
		65096169188A4B0F0076EB83 /* POI.m */ = {isa = PBXFileReference; fileEncoding = 4; lastKnownFileType = sourcecode.c.objc; path = POI.m; sourceTree = "<group>"; };
		65096184188E21290076EB83 /* POIview.h */ = {isa = PBXFileReference; fileEncoding = 4; lastKnownFileType = sourcecode.c.h; path = POIview.h; sourceTree = "<group>"; };
		65096185188E21290076EB83 /* POIview.m */ = {isa = PBXFileReference; fileEncoding = 4; lastKnownFileType = sourcecode.c.objc; path = POIview.m; sourceTree = "<group>"; };
		65096187188E53010076EB83 /* POI.plist */ = {isa = PBXFileReference; fileEncoding = 4; lastKnownFileType = text.plist.xml; path = POI.plist; sourceTree = "<group>"; };
		650EEDC118A9C5E000A668C8 /* MapView.h */ = {isa = PBXFileReference; fileEncoding = 4; lastKnownFileType = sourcecode.c.h; path = MapView.h; sourceTree = "<group>"; };
		650EEDC218A9C5E000A668C8 /* MapView.m */ = {isa = PBXFileReference; fileEncoding = 4; lastKnownFileType = sourcecode.c.objc; path = MapView.m; sourceTree = "<group>"; };
		650EEDC618B1AAE100A668C8 /* GIFview.h */ = {isa = PBXFileReference; fileEncoding = 4; lastKnownFileType = sourcecode.c.h; path = GIFview.h; sourceTree = "<group>"; };
		650EEDC718B1AAE100A668C8 /* GIFview.m */ = {isa = PBXFileReference; fileEncoding = 4; lastKnownFileType = sourcecode.c.objc; path = GIFview.m; sourceTree = "<group>"; };
		6529456E18C98BA700B8BB35 /* ar@2x.png */ = {isa = PBXFileReference; lastKnownFileType = image.png; path = "ar@2x.png"; sourceTree = "<group>"; };
		6529457518C9B5B700B8BB35 /* about.html */ = {isa = PBXFileReference; fileEncoding = 4; lastKnownFileType = text.html; path = about.html; sourceTree = "<group>"; };
		6530976618C4191E0080090D /* map.jpg */ = {isa = PBXFileReference; lastKnownFileType = image.jpeg; path = map.jpg; sourceTree = "<group>"; };
		6530976818C41A290080090D /* AboutViewController.h */ = {isa = PBXFileReference; fileEncoding = 4; lastKnownFileType = sourcecode.c.h; path = AboutViewController.h; sourceTree = "<group>"; };
		6530976918C41A290080090D /* AboutViewController.m */ = {isa = PBXFileReference; fileEncoding = 4; lastKnownFileType = sourcecode.c.objc; path = AboutViewController.m; sourceTree = "<group>"; };
		6530976B18C425410080090D /* position.png */ = {isa = PBXFileReference; lastKnownFileType = image.png; path = position.png; sourceTree = "<group>"; };
		65846A3518CE9789008EB39A /* InfoView.h */ = {isa = PBXFileReference; fileEncoding = 4; lastKnownFileType = sourcecode.c.h; path = InfoView.h; sourceTree = "<group>"; };
		65846A3618CE9789008EB39A /* InfoView.m */ = {isa = PBXFileReference; fileEncoding = 4; lastKnownFileType = sourcecode.c.objc; path = InfoView.m; sourceTree = "<group>"; };
		65FC7A63189340E9003B718C /* location@2x.png */ = {isa = PBXFileReference; lastKnownFileType = image.png; path = "location@2x.png"; sourceTree = "<group>"; };
		65FC7A651893411A003B718C /* manage@2x.png */ = {isa = PBXFileReference; lastKnownFileType = image.png; path = "manage@2x.png"; sourceTree = "<group>"; };
		65FC7A6918934135003B718C /* find.png */ = {isa = PBXFileReference; lastKnownFileType = image.png; path = find.png; sourceTree = "<group>"; };
		65FC7A6B18934162003B718C /* lift.png */ = {isa = PBXFileReference; lastKnownFileType = image.png; path = lift.png; sourceTree = "<group>"; };
		65FC7A6D18934167003B718C /* meeting.png */ = {isa = PBXFileReference; lastKnownFileType = image.png; path = meeting.png; sourceTree = "<group>"; };
		65FC7A6F1893416A003B718C /* office.png */ = {isa = PBXFileReference; lastKnownFileType = image.png; path = office.png; sourceTree = "<group>"; };
		65FC7A711893416E003B718C /* toilet.png */ = {isa = PBXFileReference; lastKnownFileType = image.png; path = toilet.png; sourceTree = "<group>"; };
		65FC7A7318934172003B718C /* rest.png */ = {isa = PBXFileReference; lastKnownFileType = image.png; path = rest.png; sourceTree = "<group>"; };
		65FC7A7518934177003B718C /* exit.png */ = {isa = PBXFileReference; lastKnownFileType = image.png; path = exit.png; sourceTree = "<group>"; };
/* End PBXFileReference section */

/* Begin PBXFrameworksBuildPhase section */
		650960F9188A184C0076EB83 /* Frameworks */ = {
			isa = PBXFrameworksBuildPhase;
			buildActionMask = 2147483647;
			files = (
				32BA8D271915E76F007881E0 /* MediaPlayer.framework in Frameworks */,
				6509613E188A1F9B0076EB83 /* CoreMotion.framework in Frameworks */,
				6509613C188A1F8F0076EB83 /* CoreLocation.framework in Frameworks */,
				6509613A188A1F870076EB83 /* AVFoundation.framework in Frameworks */,
				65096138188A1F780076EB83 /* CoreBluetooth.framework in Frameworks */,
				65096102188A184C0076EB83 /* CoreGraphics.framework in Frameworks */,
				65096104188A184C0076EB83 /* UIKit.framework in Frameworks */,
				65096100188A184C0076EB83 /* Foundation.framework in Frameworks */,
			);
			runOnlyForDeploymentPostprocessing = 0;
		};
		6509611A188A184C0076EB83 /* Frameworks */ = {
			isa = PBXFrameworksBuildPhase;
			buildActionMask = 2147483647;
			files = (
				6509611F188A184C0076EB83 /* XCTest.framework in Frameworks */,
				65096121188A184C0076EB83 /* UIKit.framework in Frameworks */,
				65096120188A184C0076EB83 /* Foundation.framework in Frameworks */,
			);
			runOnlyForDeploymentPostprocessing = 0;
		};
/* End PBXFrameworksBuildPhase section */

/* Begin PBXGroup section */
		323CE0151929C9EB00D7EAF7 /* gif */ = {
			isa = PBXGroup;
			children = (
				32ABC81C191B221E00F80879 /* flower.gif */,
			);
			name = gif;
			sourceTree = "<group>";
		};
		32BA8D231915DE55007881E0 /* Video */ = {
			isa = PBXGroup;
			children = (
				32BA8D281916348D007881E0 /* Star.mov */,
			);
			name = Video;
			sourceTree = "<group>";
		};
		650960F3188A184C0076EB83 = {
			isa = PBXGroup;
			children = (
				65096105188A184C0076EB83 /* ZKY */,
				65096124188A184C0076EB83 /* ZKYTests */,
				650960FE188A184C0076EB83 /* Frameworks */,
				650960FD188A184C0076EB83 /* Products */,
			);
			sourceTree = "<group>";
		};
		650960FD188A184C0076EB83 /* Products */ = {
			isa = PBXGroup;
			children = (
				650960FC188A184C0076EB83 /* 中芬中心.app */,
				6509611D188A184C0076EB83 /* ZKYTests.xctest */,
			);
			name = Products;
			sourceTree = "<group>";
		};
		650960FE188A184C0076EB83 /* Frameworks */ = {
			isa = PBXGroup;
			children = (
				32BA8D261915E76F007881E0 /* MediaPlayer.framework */,
				6509613D188A1F9B0076EB83 /* CoreMotion.framework */,
				6509613B188A1F8F0076EB83 /* CoreLocation.framework */,
				65096139188A1F870076EB83 /* AVFoundation.framework */,
				65096137188A1F780076EB83 /* CoreBluetooth.framework */,
				650960FF188A184C0076EB83 /* Foundation.framework */,
				65096101188A184C0076EB83 /* CoreGraphics.framework */,
				65096103188A184C0076EB83 /* UIKit.framework */,
				6509611E188A184C0076EB83 /* XCTest.framework */,
			);
			name = Frameworks;
			sourceTree = "<group>";
		};
		65096105188A184C0076EB83 /* ZKY */ = {
			isa = PBXGroup;
			children = (
				6529457018C9B12900B8BB35 /* source */,
				6509610E188A184C0076EB83 /* TJAppDelegate.h */,
				6509610F188A184C0076EB83 /* TJAppDelegate.m */,
				32ABC81E191B2D2500F80879 /* Main.storyboard */,
				6530976818C41A290080090D /* AboutViewController.h */,
				6530976918C41A290080090D /* AboutViewController.m */,
				65096117188A184C0076EB83 /* Images.xcassets */,
				6509613F188A20080076EB83 /* image */,
				32BA8D231915DE55007881E0 /* Video */,
				65096150188A2C390076EB83 /* AR */,
				65096106188A184C0076EB83 /* Supporting Files */,
			);
			path = ZKY;
			sourceTree = "<group>";
		};
		65096106188A184C0076EB83 /* Supporting Files */ = {
			isa = PBXGroup;
			children = (
				65096107188A184C0076EB83 /* ZKY-Info.plist */,
				65096108188A184C0076EB83 /* InfoPlist.strings */,
				6509610B188A184C0076EB83 /* main.m */,
				6509610D188A184C0076EB83 /* ZKY-Prefix.pch */,
				6509614C188A289F0076EB83 /* coordinates.plist */,
				65096187188E53010076EB83 /* POI.plist */,
			);
			name = "Supporting Files";
			sourceTree = "<group>";
		};
		65096124188A184C0076EB83 /* ZKYTests */ = {
			isa = PBXGroup;
			children = (
				6509612A188A184C0076EB83 /* ZKYTests.m */,
				65096125188A184C0076EB83 /* Supporting Files */,
			);
			path = ZKYTests;
			sourceTree = "<group>";
		};
		65096125188A184C0076EB83 /* Supporting Files */ = {
			isa = PBXGroup;
			children = (
				65096126188A184C0076EB83 /* ZKYTests-Info.plist */,
				65096127188A184C0076EB83 /* InfoPlist.strings */,
			);
			name = "Supporting Files";
			sourceTree = "<group>";
		};
		6509613F188A20080076EB83 /* image */ = {
			isa = PBXGroup;
			children = (
				323CE0151929C9EB00D7EAF7 /* gif */,
				6530976B18C425410080090D /* position.png */,
				6530976618C4191E0080090D /* map.jpg */,
				65FC7A6918934135003B718C /* find.png */,
				65FC7A651893411A003B718C /* manage@2x.png */,
				65FC7A63189340E9003B718C /* location@2x.png */,
				6529456E18C98BA700B8BB35 /* ar@2x.png */,
				65096157188A41080076EB83 /* ar */,
			);
			name = image;
			path = ..;
			sourceTree = "<group>";
		};
		65096150188A2C390076EB83 /* AR */ = {
			isa = PBXGroup;
			children = (
				32D3847F19209307003F0272 /* AnimatedGif.h */,
				32D3848019209307003F0272 /* AnimatedGif.m */,
				65096151188A2D920076EB83 /* ARViewController.h */,
				65096152188A2D920076EB83 /* ARViewController.m */,
				65096154188A2E890076EB83 /* ARView.h */,
				65096155188A2E890076EB83 /* ARView.m */,
				65096168188A4B0F0076EB83 /* POI.h */,
				65096169188A4B0F0076EB83 /* POI.m */,
				65096184188E21290076EB83 /* POIview.h */,
				65096185188E21290076EB83 /* POIview.m */,
				650EEDC118A9C5E000A668C8 /* MapView.h */,
				650EEDC218A9C5E000A668C8 /* MapView.m */,
				650EEDC618B1AAE100A668C8 /* GIFview.h */,
				650EEDC718B1AAE100A668C8 /* GIFview.m */,
				65846A3518CE9789008EB39A /* InfoView.h */,
				65846A3618CE9789008EB39A /* InfoView.m */,
				32BA8D201915DDD3007881E0 /* MOVview.h */,
				32BA8D211915DDD3007881E0 /* MOVview.m */,
			);
			name = AR;
			sourceTree = "<group>";
		};
		65096157188A41080076EB83 /* ar */ = {
			isa = PBXGroup;
			children = (
				65FC7A7518934177003B718C /* exit.png */,
				65FC7A7318934172003B718C /* rest.png */,
				65FC7A711893416E003B718C /* toilet.png */,
				65FC7A6F1893416A003B718C /* office.png */,
				65FC7A6D18934167003B718C /* meeting.png */,
				65FC7A6B18934162003B718C /* lift.png */,
			);
			name = ar;
			sourceTree = "<group>";
		};
		6529457018C9B12900B8BB35 /* source */ = {
			isa = PBXGroup;
			children = (
				6529457518C9B5B700B8BB35 /* about.html */,
			);
			name = source;
			sourceTree = "<group>";
		};
/* End PBXGroup section */

/* Begin PBXNativeTarget section */
		650960FB188A184C0076EB83 /* ZKY */ = {
			isa = PBXNativeTarget;
			buildConfigurationList = 6509612E188A184C0076EB83 /* Build configuration list for PBXNativeTarget "ZKY" */;
			buildPhases = (
				650960F8188A184C0076EB83 /* Sources */,
				650960F9188A184C0076EB83 /* Frameworks */,
				650960FA188A184C0076EB83 /* Resources */,
			);
			buildRules = (
			);
			dependencies = (
			);
			name = ZKY;
			productName = ZKY;
			productReference = 650960FC188A184C0076EB83 /* 中芬中心.app */;
			productType = "com.apple.product-type.application";
		};
		6509611C188A184C0076EB83 /* ZKYTests */ = {
			isa = PBXNativeTarget;
			buildConfigurationList = 65096131188A184C0076EB83 /* Build configuration list for PBXNativeTarget "ZKYTests" */;
			buildPhases = (
				65096119188A184C0076EB83 /* Sources */,
				6509611A188A184C0076EB83 /* Frameworks */,
				6509611B188A184C0076EB83 /* Resources */,
			);
			buildRules = (
			);
			dependencies = (
				65096123188A184C0076EB83 /* PBXTargetDependency */,
			);
			name = ZKYTests;
			productName = ZKYTests;
			productReference = 6509611D188A184C0076EB83 /* ZKYTests.xctest */;
			productType = "com.apple.product-type.bundle.unit-test";
		};
/* End PBXNativeTarget section */

/* Begin PBXProject section */
		650960F4188A184C0076EB83 /* Project object */ = {
			isa = PBXProject;
			attributes = {
				CLASSPREFIX = TJ;
				LastUpgradeCheck = 0500;
				ORGANIZATIONNAME = tongji;
				TargetAttributes = {
					650960FB188A184C0076EB83 = {
						DevelopmentTeam = B84MT5PP8Y;
					};
					6509611C188A184C0076EB83 = {
						TestTargetID = 650960FB188A184C0076EB83;
					};
				};
			};
			buildConfigurationList = 650960F7188A184C0076EB83 /* Build configuration list for PBXProject "ZKY" */;
			compatibilityVersion = "Xcode 3.2";
			developmentRegion = English;
			hasScannedForEncodings = 0;
			knownRegions = (
				en,
				Base,
			);
			mainGroup = 650960F3188A184C0076EB83;
			productRefGroup = 650960FD188A184C0076EB83 /* Products */;
			projectDirPath = "";
			projectRoot = "";
			targets = (
				650960FB188A184C0076EB83 /* ZKY */,
				6509611C188A184C0076EB83 /* ZKYTests */,
			);
		};
/* End PBXProject section */

/* Begin PBXResourcesBuildPhase section */
		650960FA188A184C0076EB83 /* Resources */ = {
			isa = PBXResourcesBuildPhase;
			buildActionMask = 2147483647;
			files = (
				32ABC81F191B2D2500F80879 /* Main.storyboard in Resources */,
				65096118188A184C0076EB83 /* Images.xcassets in Resources */,
				65FC7A64189340E9003B718C /* location@2x.png in Resources */,
				32BA8D291916348D007881E0 /* Star.mov in Resources */,
				65FC7A6C18934162003B718C /* lift.png in Resources */,
				65096188188E53010076EB83 /* POI.plist in Resources */,
				65FC7A701893416A003B718C /* office.png in Resources */,
				65FC7A6A18934135003B718C /* find.png in Resources */,
				65FC7A6E18934167003B718C /* meeting.png in Resources */,
				65FC7A7418934172003B718C /* rest.png in Resources */,
				6509610A188A184C0076EB83 /* InfoPlist.strings in Resources */,
				65FC7A721893416E003B718C /* toilet.png in Resources */,
				65FC7A661893411A003B718C /* manage@2x.png in Resources */,
				6530976718C4191E0080090D /* map.jpg in Resources */,
				6529457618C9B5B700B8BB35 /* about.html in Resources */,
				6509614D188A289F0076EB83 /* coordinates.plist in Resources */,
				6529456F18C98BA700B8BB35 /* ar@2x.png in Resources */,
				6530976C18C425410080090D /* position.png in Resources */,
				65FC7A7618934177003B718C /* exit.png in Resources */,
				32ABC81D191B221E00F80879 /* flower.gif in Resources */,
			);
			runOnlyForDeploymentPostprocessing = 0;
		};
		6509611B188A184C0076EB83 /* Resources */ = {
			isa = PBXResourcesBuildPhase;
			buildActionMask = 2147483647;
			files = (
				65096129188A184C0076EB83 /* InfoPlist.strings in Resources */,
			);
			runOnlyForDeploymentPostprocessing = 0;
		};
/* End PBXResourcesBuildPhase section */

/* Begin PBXSourcesBuildPhase section */
		650960F8188A184C0076EB83 /* Sources */ = {
			isa = PBXSourcesBuildPhase;
			buildActionMask = 2147483647;
			files = (
				65846A3718CE9789008EB39A /* InfoView.m in Sources */,
				32BA8D221915DDD3007881E0 /* MOVview.m in Sources */,
				6509616A188A4B0F0076EB83 /* POI.m in Sources */,
				65096110188A184C0076EB83 /* TJAppDelegate.m in Sources */,
				6509610C188A184C0076EB83 /* main.m in Sources */,
				32D3848119209307003F0272 /* AnimatedGif.m in Sources */,
				65096153188A2D920076EB83 /* ARViewController.m in Sources */,
				650EEDC318A9C5E000A668C8 /* MapView.m in Sources */,
				6530976A18C41A290080090D /* AboutViewController.m in Sources */,
				650EEDC818B1AAE100A668C8 /* GIFview.m in Sources */,
				65096186188E21290076EB83 /* POIview.m in Sources */,
				65096156188A2E890076EB83 /* ARView.m in Sources */,
			);
			runOnlyForDeploymentPostprocessing = 0;
		};
		65096119188A184C0076EB83 /* Sources */ = {
			isa = PBXSourcesBuildPhase;
			buildActionMask = 2147483647;
			files = (
				6509612B188A184C0076EB83 /* ZKYTests.m in Sources */,
			);
			runOnlyForDeploymentPostprocessing = 0;
		};
/* End PBXSourcesBuildPhase section */

/* Begin PBXTargetDependency section */
		65096123188A184C0076EB83 /* PBXTargetDependency */ = {
			isa = PBXTargetDependency;
			target = 650960FB188A184C0076EB83 /* ZKY */;
			targetProxy = 65096122188A184C0076EB83 /* PBXContainerItemProxy */;
		};
/* End PBXTargetDependency section */

/* Begin PBXVariantGroup section */
		65096108188A184C0076EB83 /* InfoPlist.strings */ = {
			isa = PBXVariantGroup;
			children = (
				65096109188A184C0076EB83 /* en */,
			);
			name = InfoPlist.strings;
			sourceTree = "<group>";
		};
		65096127188A184C0076EB83 /* InfoPlist.strings */ = {
			isa = PBXVariantGroup;
			children = (
				65096128188A184C0076EB83 /* en */,
			);
			name = InfoPlist.strings;
			sourceTree = "<group>";
		};
/* End PBXVariantGroup section */

/* Begin XCBuildConfiguration section */
		6509612C188A184C0076EB83 /* Debug */ = {
			isa = XCBuildConfiguration;
			buildSettings = {
				ALWAYS_SEARCH_USER_PATHS = NO;
				ARCHS = "$(ARCHS_STANDARD_INCLUDING_64_BIT)";
				CLANG_CXX_LANGUAGE_STANDARD = "gnu++0x";
				CLANG_CXX_LIBRARY = "libc++";
				CLANG_ENABLE_MODULES = YES;
				CLANG_ENABLE_OBJC_ARC = YES;
				CLANG_WARN_BOOL_CONVERSION = YES;
				CLANG_WARN_CONSTANT_CONVERSION = YES;
				CLANG_WARN_DIRECT_OBJC_ISA_USAGE = YES_ERROR;
				CLANG_WARN_EMPTY_BODY = YES;
				CLANG_WARN_ENUM_CONVERSION = YES;
				CLANG_WARN_INT_CONVERSION = YES;
				CLANG_WARN_OBJC_ROOT_CLASS = YES_ERROR;
				CLANG_WARN__DUPLICATE_METHOD_MATCH = YES;
				"CODE_SIGN_IDENTITY[sdk=iphoneos*]" = "iPhone Developer";
				COPY_PHASE_STRIP = NO;
				GCC_C_LANGUAGE_STANDARD = gnu99;
				GCC_DYNAMIC_NO_PIC = NO;
				GCC_OPTIMIZATION_LEVEL = 0;
				GCC_PREPROCESSOR_DEFINITIONS = (
					"DEBUG=1",
					"$(inherited)",
				);
				GCC_SYMBOLS_PRIVATE_EXTERN = NO;
				GCC_WARN_64_TO_32_BIT_CONVERSION = YES;
				GCC_WARN_ABOUT_RETURN_TYPE = YES_ERROR;
				GCC_WARN_UNDECLARED_SELECTOR = YES;
				GCC_WARN_UNINITIALIZED_AUTOS = YES;
				GCC_WARN_UNUSED_FUNCTION = YES;
				GCC_WARN_UNUSED_VARIABLE = YES;
				IPHONEOS_DEPLOYMENT_TARGET = 7.0;
				ONLY_ACTIVE_ARCH = YES;
				SDKROOT = iphoneos;
			};
			name = Debug;
		};
		6509612D188A184C0076EB83 /* Release */ = {
			isa = XCBuildConfiguration;
			buildSettings = {
				ALWAYS_SEARCH_USER_PATHS = NO;
				ARCHS = "$(ARCHS_STANDARD_INCLUDING_64_BIT)";
				CLANG_CXX_LANGUAGE_STANDARD = "gnu++0x";
				CLANG_CXX_LIBRARY = "libc++";
				CLANG_ENABLE_MODULES = YES;
				CLANG_ENABLE_OBJC_ARC = YES;
				CLANG_WARN_BOOL_CONVERSION = YES;
				CLANG_WARN_CONSTANT_CONVERSION = YES;
				CLANG_WARN_DIRECT_OBJC_ISA_USAGE = YES_ERROR;
				CLANG_WARN_EMPTY_BODY = YES;
				CLANG_WARN_ENUM_CONVERSION = YES;
				CLANG_WARN_INT_CONVERSION = YES;
				CLANG_WARN_OBJC_ROOT_CLASS = YES_ERROR;
				CLANG_WARN__DUPLICATE_METHOD_MATCH = YES;
				"CODE_SIGN_IDENTITY[sdk=iphoneos*]" = "iPhone Developer";
				COPY_PHASE_STRIP = YES;
				ENABLE_NS_ASSERTIONS = NO;
				GCC_C_LANGUAGE_STANDARD = gnu99;
				GCC_WARN_64_TO_32_BIT_CONVERSION = YES;
				GCC_WARN_ABOUT_RETURN_TYPE = YES_ERROR;
				GCC_WARN_UNDECLARED_SELECTOR = YES;
				GCC_WARN_UNINITIALIZED_AUTOS = YES;
				GCC_WARN_UNUSED_FUNCTION = YES;
				GCC_WARN_UNUSED_VARIABLE = YES;
				IPHONEOS_DEPLOYMENT_TARGET = 7.0;
				SDKROOT = iphoneos;
				VALIDATE_PRODUCT = YES;
			};
			name = Release;
		};
		6509612F188A184C0076EB83 /* Debug */ = {
			isa = XCBuildConfiguration;
			buildSettings = {
				ASSETCATALOG_COMPILER_APPICON_NAME = AppIcon;
				ASSETCATALOG_COMPILER_LAUNCHIMAGE_NAME = LaunchImage;
				CODE_SIGN_IDENTITY = "iPhone Developer";
				"CODE_SIGN_IDENTITY[sdk=iphoneos*]" = "iPhone Developer";
				GCC_PRECOMPILE_PREFIX_HEADER = YES;
				GCC_PREFIX_HEADER = "ZKY/ZKY-Prefix.pch";
				INFOPLIST_FILE = "ZKY/ZKY-Info.plist";
				PRODUCT_NAME = "中芬中心";
				PROVISIONING_PROFILE = "";
				WRAPPER_EXTENSION = app;
			};
			name = Debug;
		};
		65096130188A184C0076EB83 /* Release */ = {
			isa = XCBuildConfiguration;
			buildSettings = {
				ASSETCATALOG_COMPILER_APPICON_NAME = AppIcon;
				ASSETCATALOG_COMPILER_LAUNCHIMAGE_NAME = LaunchImage;
				CODE_SIGN_IDENTITY = "iPhone Developer";
				"CODE_SIGN_IDENTITY[sdk=iphoneos*]" = "iPhone Developer";
				GCC_PRECOMPILE_PREFIX_HEADER = YES;
				GCC_PREFIX_HEADER = "ZKY/ZKY-Prefix.pch";
				INFOPLIST_FILE = "ZKY/ZKY-Info.plist";
				PRODUCT_NAME = "中芬中心";
				PROVISIONING_PROFILE = "";
				WRAPPER_EXTENSION = app;
			};
			name = Release;
		};
		65096132188A184C0076EB83 /* Debug */ = {
			isa = XCBuildConfiguration;
			buildSettings = {
				ARCHS = "$(ARCHS_STANDARD_INCLUDING_64_BIT)";
				BUNDLE_LOADER = "$(BUILT_PRODUCTS_DIR)/ZKY.app/ZKY";
				FRAMEWORK_SEARCH_PATHS = (
					"$(SDKROOT)/Developer/Library/Frameworks",
					"$(inherited)",
					"$(DEVELOPER_FRAMEWORKS_DIR)",
				);
				GCC_PRECOMPILE_PREFIX_HEADER = YES;
				GCC_PREFIX_HEADER = "ZKY/ZKY-Prefix.pch";
				GCC_PREPROCESSOR_DEFINITIONS = (
					"DEBUG=1",
					"$(inherited)",
				);
				INFOPLIST_FILE = "ZKYTests/ZKYTests-Info.plist";
				PRODUCT_NAME = "$(TARGET_NAME)";
				TEST_HOST = "$(BUNDLE_LOADER)";
				WRAPPER_EXTENSION = xctest;
			};
			name = Debug;
		};
		65096133188A184C0076EB83 /* Release */ = {
			isa = XCBuildConfiguration;
			buildSettings = {
				ARCHS = "$(ARCHS_STANDARD_INCLUDING_64_BIT)";
				BUNDLE_LOADER = "$(BUILT_PRODUCTS_DIR)/ZKY.app/ZKY";
				FRAMEWORK_SEARCH_PATHS = (
					"$(SDKROOT)/Developer/Library/Frameworks",
					"$(inherited)",
					"$(DEVELOPER_FRAMEWORKS_DIR)",
				);
				GCC_PRECOMPILE_PREFIX_HEADER = YES;
				GCC_PREFIX_HEADER = "ZKY/ZKY-Prefix.pch";
				INFOPLIST_FILE = "ZKYTests/ZKYTests-Info.plist";
				PRODUCT_NAME = "$(TARGET_NAME)";
				TEST_HOST = "$(BUNDLE_LOADER)";
				WRAPPER_EXTENSION = xctest;
			};
			name = Release;
		};
/* End XCBuildConfiguration section */

/* Begin XCConfigurationList section */
		650960F7188A184C0076EB83 /* Build configuration list for PBXProject "ZKY" */ = {
			isa = XCConfigurationList;
			buildConfigurations = (
				6509612C188A184C0076EB83 /* Debug */,
				6509612D188A184C0076EB83 /* Release */,
			);
			defaultConfigurationIsVisible = 0;
			defaultConfigurationName = Release;
		};
		6509612E188A184C0076EB83 /* Build configuration list for PBXNativeTarget "ZKY" */ = {
			isa = XCConfigurationList;
			buildConfigurations = (
				6509612F188A184C0076EB83 /* Debug */,
				65096130188A184C0076EB83 /* Release */,
			);
			defaultConfigurationIsVisible = 0;
			defaultConfigurationName = Release;
		};
		65096131188A184C0076EB83 /* Build configuration list for PBXNativeTarget "ZKYTests" */ = {
			isa = XCConfigurationList;
			buildConfigurations = (
				65096132188A184C0076EB83 /* Debug */,
				65096133188A184C0076EB83 /* Release */,
			);
			defaultConfigurationIsVisible = 0;
			defaultConfigurationName = Release;
		};
/* End XCConfigurationList section */
	};
	rootObject = 650960F4188A184C0076EB83 /* Project object */;
}
